
Microsoft Visual Studio Solution File, Format Version 12.00
# Visual Studio Version 17
VisualStudioVersion = 17.12.35323.107
MinimumVisualStudioVersion = 10.0.40219.1
Project("{FAE04EC0-301F-11D3-BF4B-00C04F79EFBC}") = "BlazorAIChatBot_with_AWS-Bedrock", "BlazorAIChatBot_with_AWS-Bedrock.csproj", "{C7E580E1-C948-4F04-8C0B-3E33523C555C}"
EndProject
Global
	GlobalSection(SolutionConfigurationPlatforms) = preSolution
		Debug|Any CPU = Debug|Any CPU
		Release|Any CPU = Release|Any CPU
	EndGlobalSection
	GlobalSection(ProjectConfigurationPlatforms) = postSolution
		{C7E580E1-C948-4F04-8C0B-3E33523C555C}.Debug|Any CPU.ActiveCfg = Debug|Any CPU
		{C7E580E1-C948-4F04-8C0B-3E33523C555C}.Debug|Any CPU.Build.0 = Debug|Any CPU
		{C7E580E1-C948-4F04-8C0B-3E33523C555C}.Release|Any CPU.ActiveCfg = Release|Any CPU
		{C7E580E1-C948-4F04-8C0B-3E33523C555C}.Release|Any CPU.Build.0 = Release|Any CPU
	EndGlobalSection
	GlobalSection(SolutionProperties) = preSolution
		HideSolutionNode = FALSE
	EndGlobalSection
	GlobalSection(ExtensibilityGlobals) = postSolution
		SolutionGuid = {C773CB96-D2BD-42AA-953A-DF30476D2402}
	EndGlobalSection
EndGlobal
